
Microsoft Visual Studio Solution File, Format Version 12.00
Project("{FAE04EC0-301F-11D3-BF4B-00C04F79EFBC}") = "Suzu", "Suzu\Suzu.csproj", "{46BADD74-D5FD-467A-A3F6-D27916667BF3}"
EndProject
Project("{FAE04EC0-301F-11D3-BF4B-00C04F79EFBC}") = "HotelLib", "..\HotelLib\HotelLib\HotelLib.csproj", "{5086AE92-4B3B-4A47-82D2-CB91DB7D65CD}"
EndProject
Global
	GlobalSection(SolutionConfigurationPlatforms) = preSolution
		Debug|Any CPU = Debug|Any CPU
		Release|Any CPU = Release|Any CPU
	EndGlobalSection
	GlobalSection(ProjectConfigurationPlatforms) = postSolution
		{46BADD74-D5FD-467A-A3F6-D27916667BF3}.Debug|Any CPU.ActiveCfg = Debug|Any CPU
		{46BADD74-D5FD-467A-A3F6-D27916667BF3}.Debug|Any CPU.Build.0 = Debug|Any CPU
		{46BADD74-D5FD-467A-A3F6-D27916667BF3}.Release|Any CPU.ActiveCfg = Release|Any CPU
		{46BADD74-D5FD-467A-A3F6-D27916667BF3}.Release|Any CPU.Build.0 = Release|Any CPU
		{5086AE92-4B3B-4A47-82D2-CB91DB7D65CD}.Debug|Any CPU.ActiveCfg = Debug|Any CPU
		{5086AE92-4B3B-4A47-82D2-CB91DB7D65CD}.Debug|Any CPU.Build.0 = Debug|Any CPU
	EndGlobalSection
EndGlobal
